# This file is automatically @generated by Cargo.
# It is not intended for manual editing.
version = 4

[[package]]
name = "pv-catalog"
version = "0.0.0"

[[package]]
name = "pv-core"
version = "0.0.0"

[[package]]
name = "pv-crypto"
version = "0.0.0"

[[package]]
name = "pv-format"
version = "0.0.0"

[[package]]
name = "pv-names"
version = "0.0.0"

[[package]]
name = "pv-recovery"
version = "0.0.0"
dependencies = [
 "pv-core",
]

[[package]]
name = "pv-sandbox"
version = "0.0.0"

[[package]]
name = "pv-worker"
version = "0.0.0"
